
Microsoft Visual Studio Solution File, Format Version 12.00
# Visual Studio Version 16
VisualStudioVersion = 16.0.31729.503
MinimumVisualStudioVersion = 10.0.40219.1
Project("{FAE04EC0-301F-11D3-BF4B-00C04F79EFBC}") = "BrianGorishekPersonalWebsite", "BrianGorishekPersonalWebsite\BrianGorishekPersonalWebsite.csproj", "{270269A1-8694-4CAC-A92C-18E54E371F02}"
EndProject
Global
	GlobalSection(SolutionConfigurationPlatforms) = preSolution
		Debug|Any CPU = Debug|Any CPU
		Release|Any CPU = Release|Any CPU
	EndGlobalSection
	GlobalSection(ProjectConfigurationPlatforms) = postSolution
		{270269A1-8694-4CAC-A92C-18E54E371F02}.Debug|Any CPU.ActiveCfg = Debug|Any CPU
		{270269A1-8694-4CAC-A92C-18E54E371F02}.Debug|Any CPU.Build.0 = Debug|Any CPU
		{270269A1-8694-4CAC-A92C-18E54E371F02}.Release|Any CPU.ActiveCfg = Release|Any CPU
		{270269A1-8694-4CAC-A92C-18E54E371F02}.Release|Any CPU.Build.0 = Release|Any CPU
	EndGlobalSection
	GlobalSection(SolutionProperties) = preSolution
		HideSolutionNode = FALSE
	EndGlobalSection
	GlobalSection(ExtensibilityGlobals) = postSolution
		SolutionGuid = {D5D3E2E9-6A3E-457D-A27A-8A520AA908D4}
	EndGlobalSection
EndGlobal
